version = 1
revision = 3
requires-python = "==3.12.*"

[[package]]
name = "colorama"
version = "0.4.6"
source = { registry = "https://pypi.org/simple" }
sdist = { url = "https://files.pythonhosted.org/packages/d8/53/6f443c9a4a8358a93a6792e2acffb9d9d5cb0a5cfd8802644b7b1c9a02e4/colorama-0.4.6.tar.gz", hash = "sha256:08695f5cb7ed6e0531a20572697297273c47b8cae5a63ffc6d6ed5c201be6e44", size = 27697, upload-time = "2022-10-25T02:36:22.414Z" }
wheels = [
    { url = "https://files.pythonhosted.org/packages/d1/d6/3965ed04c63042e047cb6a3e6ed1a63a35087b6a609aa3a15ed8ac56c221/colorama-0.4.6-py2.py3-none-any.whl", hash = "sha256:4f1d9991f5acc0ca119f9d443620b77f9d6b33703e51011c16baf57afb285fc6", size = 25335, upload-time = "2022-10-25T02:36:20.889Z" },
]

[[package]]
name = "hypothesis"
version = "6.165.2"
source = { registry = "https://pypi.org/simple" }
dependencies = [
    { name = "sortedcontainers" },
]
sdist = { url = "https://files.pythonhosted.org/packages/ea/73/fc3743243603dc49911a1ec073a3a524ea8e1c7d48218d3c2a3faa9a8709/hypothesis-6.165.2.tar.gz", hash = "sha256:680a1adf523ac792b46064f425b112ce6c08a7a8f50e65d08e029de6aa11df95", size = 502277, upload-time = "2026-08-05T21:32:43.713Z" }
wheels = [
    { url = "https://files.pythonhosted.org/packages/5c/63/46c9908fe7bd5ffa5002fa88fe289dfe6d3cea3fad1ab8942fe11f1c8a2b/hypothesis-6.165.2-cp310-abi3-macosx_10_12_x86_64.whl", hash = "sha256:33a7303566e660664f3f02ea1df85f7b966cd6723165c696996cfd8630913b3a", size = 781704, upload-time = "2026-08-05T21:32:03.548Z" },
    { url = "https://files.pythonhosted.org/packages/c5/7f/fdce62542a514f6b33c4fc0a760e6d17bb57602b28cb079b78e55b8ea32d/hypothesis-6.165.2-cp310-abi3-macosx_11_0_arm64.whl", hash = "sha256:06d8fe4c82a935f67e610c99848360f5caeb04f547c7d7a830a5c74fb96f053a", size = 777243, upload-time = "2026-08-05T21:32:17.546Z" },
    { url = "https://files.pythonhosted.org/packages/9e/c8/39cd922bf3e1ec84977b768d4e8be31ae051e3a6b400b4fdd7ebcddb1eed/hypothesis-6.165.2-cp310-abi3-manylinux_2_17_aarch64.manylinux2014_aarch64.whl", hash = "sha256:de2e3f6a6f75c876be481138c6c0802ebe10deef9f13ce1cdd6e0ed21d8e1e28", size = 1106492, upload-time = "2026-08-05T21:31:47.844Z" },
    { url = "https://files.pythonhosted.org/packages/0f/91/7bb502379a8dcc43f2538530c05cf16fd4e386afa587d65cc289484425cf/hypothesis-6.165.2-cp310-abi3-manylinux_2_17_armv7l.manylinux2014_armv7l.whl", hash = "sha256:21668cb5a8a694d45ff4c43f20a8fc577a47467b5102c680a43638b027136368", size = 1135105, upload-time = "2026-08-05T21:31:49.453Z" },
    { url = "https://files.pythonhosted.org/packages/e5/04/4ce8ae1bf78d09d7543ab7037a3beedc7f3d963c7aa04e82842415284689/hypothesis-6.165.2-cp310-abi3-manylinux_2_17_x86_64.manylinux2014_x86_64.whl", hash = "sha256:eea4ab5cfdd6c6a23a60777559ea06c34868234fff6542ff6125c0250429348e", size = 1156034, upload-time = "2026-08-05T21:31:44.687Z" },
    { url = "https://files.pythonhosted.org/packages/49/de/b074d899f4a04fa8b99a5bbd66f209c1c02bc21f9f87404539b28b99aff0/hypothesis-6.165.2-cp310-abi3-manylinux_2_31_riscv64.whl", hash = "sha256:0a6add02d9b3b73b59f4d69f5b15abbc07113cd335cc140815cec2877e6b496c", size = 1111344, upload-time = "2026-08-05T21:32:27.211Z" },
    { url = "https://files.pythonhosted.org/packages/e8/38/5a8514683a181f82a8ad9f6d084b704fea7a97c9814033939fc493b55fca/hypothesis-6.165.2-cp310-abi3-manylinux_2_5_i686.manylinux1_i686.whl", hash = "sha256:11013896b6a2ed497079558cb9f89e8b3b564f8859782b38f72cfc1dbeca66ad", size = 1148115, upload-time = "2026-08-05T21:31:01.009Z" },
    { url = "https://files.pythonhosted.org/packages/88/c7/08cf7930d8bec7f1df971c948af2ccb5a402d5b8b19b306af655a603b180/hypothesis-6.165.2-cp310-abi3-musllinux_1_2_aarch64.whl", hash = "sha256:4ceabc69a95e761f381663c6452537fde12a2a6e0275e095b6822c0e0f3b1364", size = 1280321, upload-time = "2026-08-05T21:31:14.843Z" },
    { url = "https://files.pythonhosted.org/packages/c5/91/c9ebb7da3b6e06c47aecceb959cf7df6af75025663af543373c5692f97ac/hypothesis-6.165.2-cp310-abi3-musllinux_1_2_armv7l.whl", hash = "sha256:11e1ce261765ffa6acbaf540358426519ca4a5e46b825cf39b429c77c1895689", size = 1408134, upload-time = "2026-08-05T21:31:27.383Z" },
    { url = "https://files.pythonhosted.org/packages/ed/24/13c2fd9f253ba3a92d4aaa61ae45a8b130df57ab5bd6fc481e2aae520e36/hypothesis-6.165.2-cp310-abi3-musllinux_1_2_riscv64.whl", hash = "sha256:b0250099b2e55d72872319918aacc501110a182938a3d56bcae4a999bee5db08", size = 1280884, upload-time = "2026-08-05T21:32:00.188Z" },
    { url = "https://files.pythonhosted.org/packages/6e/fa/2820bdbe0660394544b9e120b03ea7020702d7fa5c76236166de6ababc9d/hypothesis-6.165.2-cp310-abi3-musllinux_1_2_x86_64.whl", hash = "sha256:96d02928d1a0b7d59e39fd8ada75f0b7d0377ff29f91c94109f92fc2dab9af74", size = 1322998, upload-time = "2026-08-05T21:31:24.373Z" },
    { url = "https://files.pythonhosted.org/packages/f0/24/38752794eb821f5c77da08523602003c344f3498fce09f20741cd5b5e29c/hypothesis-6.165.2-cp310-abi3-win32.whl", hash = "sha256:0f2044093c8244d73893e755a7fa53154b7eca57b37e1427d9b0d9948f6c2b3e", size = 667506, upload-time = "2026-08-05T21:32:10.547Z" },
    { url = "https://files.pythonhosted.org/packages/5f/71/b28f714a127017750e450d152aa4fbff51bd144c6840090d28b529b408d3/hypothesis-6.165.2-cp310-abi3-win_amd64.whl", hash = "sha256:2aa30716066e5ee7750e56b8f90cefaf4ed28c12b4b1d66cef40014fd3f95196", size = 673650, upload-time = "2026-08-05T21:31:25.726Z" },
    { url = "https://files.pythonhosted.org/packages/98/81/a9039e7eee38523e2ad13e9e4e70c508f25d4205fb4c6ceb98632547ca82/hypothesis-6.165.2-cp312-cp312-macosx_10_12_x86_64.whl", hash = "sha256:b24f1b238deb97fda828a939931de3210f5cef21e87fe0b941fafbeb55ead676", size = 783294, upload-time = "2026-08-05T21:31:56.881Z" },
    { url = "https://files.pythonhosted.org/packages/8d/e5/120642320291d8d117a83491d93527149ddbd15e56399274741fc4bd3a9a/hypothesis-6.165.2-cp312-cp312-macosx_11_0_arm64.whl", hash = "sha256:306763ce7186e08ee30dba409b320873d1afc54adf76b44c6bf83b5867d17359", size = 774867, upload-time = "2026-08-05T21:32:05.489Z" },
    { url = "https://files.pythonhosted.org/packages/b5/ef/251607eb2446fb44e8faa83e30aa1b6cc281b6eca5d0ecaabe7527e3395d/hypothesis-6.165.2-cp312-cp312-manylinux_2_17_aarch64.manylinux2014_aarch64.whl", hash = "sha256:9f878ebc5c33e4e8e8a90bd3d7ccc3f3a7370847aa22243536e673047f0f4c37", size = 1105307, upload-time = "2026-08-05T21:31:53.719Z" },
    { url = "https://files.pythonhosted.org/packages/54/f1/de30869d83f00137a664319a4acb0ba8b1a9e2c879afdc12abb1b4c703f7/hypothesis-6.165.2-cp312-cp312-manylinux_2_17_x86_64.manylinux2014_x86_64.whl", hash = "sha256:d726513b32cc6407667ac0812fa3517408f933b89b16b6b84f296335eec18432", size = 1155348, upload-time = "2026-08-05T21:31:58.536Z" },
    { url = "https://files.pythonhosted.org/packages/fa/2c/8925c2bddf6e105d947a04511cd5d536eabc8d4ed926518a0d1672ede007/hypothesis-6.165.2-cp312-cp312-musllinux_1_2_aarch64.whl", hash = "sha256:a700c0e193707e3b6f1b23f1d5f534896dd9f79bb2a2340582579bad5f5b59a4", size = 1278124, upload-time = "2026-08-05T21:32:14.049Z" },
    { url = "https://files.pythonhosted.org/packages/b9/00/e285e7987e96d74e229fcb94c58dd8e85290966fc2040fbac4b081fc49c9/hypothesis-6.165.2-cp312-cp312-musllinux_1_2_x86_64.whl", hash = "sha256:50d50e313dfff2e79c754b92a4c88c479dd9e102a56c60caa5b3d6263caa1b02", size = 1322340, upload-time = "2026-08-05T21:31:11.671Z" },
    { url = "https://files.pythonhosted.org/packages/51/7a/990e802222b3a88a284a872fc41339e39d8b619e5266aae45ef1c5da231a/hypothesis-6.165.2-cp312-cp312-win_amd64.whl", hash = "sha256:e2493b71a6e75dbd9ab33f8ab3920a6850a7965de55baf9725738a227ef3bfd2", size = 670805, upload-time = "2026-08-05T21:32:19.278Z" },
]

[[package]]
name = "iniconfig"
version = "2.3.0"
source = { registry = "https://pypi.org/simple" }
sdist = { url = "https://files.pythonhosted.org/packages/72/34/14ca021ce8e5dfedc35312d08ba8bf51fdd999c576889fc2c24cb97f4f10/iniconfig-2.3.0.tar.gz", hash = "sha256:c76315c77db068650d49c5b56314774a7804df16fee4402c1f19d6d15d8c4730", size = 20503, upload-time = "2025-10-18T21:55:43.219Z" }
wheels = [
    { url = "https://files.pythonhosted.org/packages/cb/b1/3846dd7f199d53cb17f49cba7e651e9ce294d8497c8c150530ed11865bb8/iniconfig-2.3.0-py3-none-any.whl", hash = "sha256:f631c04d2c48c52b84d0d0549c99ff3859c98df65b3101406327ecc7d53fbf12", size = 7484, upload-time = "2025-10-18T21:55:41.639Z" },
]

[[package]]
name = "librt"
version = "0.14.0"
source = { registry = "https://pypi.org/simple" }
sdist = { url = "https://files.pythonhosted.org/packages/0d/ee/999b97f4b8eb28c4416f9f8a6708077daa1639145cde1c25ac76517df966/librt-0.14.0.tar.gz", hash = "sha256:474eedc5e910d88c1a12193a238f69b2522561d6f10bda9fbe9e70961d2e64e3", size = 214292, upload-time = "2026-08-06T14:52:21.049Z" }
wheels = [
    { url = "https://files.pythonhosted.org/packages/78/7d/ca9feff7e486d74ae3efb5bc66ab95d15fe29090bd902c24be660deed7a3/librt-0.14.0-cp312-cp312-macosx_10_13_x86_64.whl", hash = "sha256:171dd324dd6b269503e3777b9cc66c1c6f7bbcbf9b9403b96c5901377bde8f4e", size = 150997, upload-time = "2026-08-06T14:49:56.049Z" },
    { url = "https://files.pythonhosted.org/packages/9b/97/9452106e9b2b0f5c771c5656af763927c351b60363e6496fff2775280507/librt-0.14.0-cp312-cp312-macosx_11_0_arm64.whl", hash = "sha256:c648d09e7842f42cb8bcae41b6a39d6536448612ee4c516ce58b284300f5a066", size = 155241, upload-time = "2026-08-06T14:49:57.344Z" },
    { url = "https://files.pythonhosted.org/packages/8a/5b/eeb378de1b84761d555e100e5c69facfa6cb6266ef4a11baab55d64ac6b7/librt-0.14.0-cp312-cp312-manylinux2014_aarch64.manylinux_2_17_aarch64.manylinux_2_28_aarch64.whl", hash = "sha256:c9bb36c48a582caf7d604bc3f3554b550431d1aa6b131a618e33e2816261620a", size = 503094, upload-time = "2026-08-06T14:49:58.775Z" },
    { url = "https://files.pythonhosted.org/packages/0e/b4/e5c372c7c543cbe721b25ac6837190f27d627838a9208b7069e167c06f9c/librt-0.14.0-cp312-cp312-manylinux2014_i686.manylinux_2_17_i686.manylinux_2_28_i686.whl", hash = "sha256:93c52e7d5f9ac110db854a4c49cc5fb0362e77047e7ebf71f1a6f35829395d47", size = 496536, upload-time = "2026-08-06T14:50:00.43Z" },
    { url = "https://files.pythonhosted.org/packages/e0/81/9d64cc59740a37a68e4bcad1fb1734a354c6e2899cc66871feff4c1a9032/librt-0.14.0-cp312-cp312-manylinux2014_x86_64.manylinux_2_17_x86_64.manylinux_2_28_x86_64.whl", hash = "sha256:31e9931b28896420c0870332eefc8e966121adf8013850d14a22d694c17c8cdf", size = 531811, upload-time = "2026-08-06T14:50:02.018Z" },
    { url = "https://files.pythonhosted.org/packages/87/93/c643336b08dfd38e27a77ad3811ec7f18c2aa83677332f21300430ad5fcb/librt-0.14.0-cp312-cp312-manylinux_2_34_riscv64.manylinux_2_39_riscv64.whl", hash = "sha256:52e3630f4d00aa1fd1c224e2ae7ea2a31058493247f765393b7aac2bd0f3bf01", size = 524425, upload-time = "2026-08-06T14:50:03.528Z" },
    { url = "https://files.pythonhosted.org/packages/3f/19/aa78ba06cf8546a0f3d5ef6985b721d4bad60f1d938e147b6576f826dae7/librt-0.14.0-cp312-cp312-musllinux_1_2_aarch64.whl", hash = "sha256:c66f6183f4dde136d5567fbd192c86236c8a89caa73f2720f2ed94c176194041", size = 543060, upload-time = "2026-08-06T14:50:05.15Z" },
    { url = "https://files.pythonhosted.org/packages/f5/18/a21935834a687940ad83ecfc14aa9118493f0da53b6e9861082f8cae2381/librt-0.14.0-cp312-cp312-musllinux_1_2_i686.whl", hash = "sha256:62d566b4b4f6510d471fb6fa1b6bf8d183a1039d2c058d85f7481ee24ee3d27d", size = 546840, upload-time = "2026-08-06T14:50:06.571Z" },
    { url = "https://files.pythonhosted.org/packages/e6/d1/98915036feb2315cabd700f25d9915969f81a8391d2cd9c0cc93df6f7116/librt-0.14.0-cp312-cp312-musllinux_1_2_riscv64.whl", hash = "sha256:069a5790f1ba9b6abd882033a486b5a5b68754854b7ad015ee5ad8da1d23e11f", size = 535732, upload-time = "2026-08-06T14:50:08.478Z" },
    { url = "https://files.pythonhosted.org/packages/40/e4/280b07ef374464ca550523ed82049bffe8e06f73d11ee947543389b3cd23/librt-0.14.0-cp312-cp312-musllinux_1_2_x86_64.whl", hash = "sha256:2ec4541a9e522871fa2f2983478d7ee9cd994af1e4718b7e291904c15430b062", size = 573579, upload-time = "2026-08-06T14:50:09.949Z" },
    { url = "https://files.pythonhosted.org/packages/9b/75/773489183b257cab2f341087d9327155f7763c1fab07984a8d748554bdfa/librt-0.14.0-cp312-cp312-win32.whl", hash = "sha256:1697ebe1612604233cd69383c4369c91a40f7d8ad1bd890e1647acec35700f32", size = 106097, upload-time = "2026-08-06T14:50:11.414Z" },
    { url = "https://files.pythonhosted.org/packages/ed/7c/f60a3379723295761403ae6301be16afa98b389dee8c6aa1b5de35794d76/librt-0.14.0-cp312-cp312-win_amd64.whl", hash = "sha256:3e30f225dc2598638a03bd0fd56d479e09263fd769298af57711c2c921498e59", size = 126933, upload-time = "2026-08-06T14:50:12.743Z" },
    { url = "https://files.pythonhosted.org/packages/bc/d5/08147d10a6e5ca676dc0e140b10758a83de73fc863712f167751f2aa8bca/librt-0.14.0-cp312-cp312-win_arm64.whl", hash = "sha256:d6c98dd32e0f8d1a701bcfd470de0d09972d725c8dbad3cf9791b5262caae1a4", size = 112237, upload-time = "2026-08-06T14:50:14.12Z" },
]

[[package]]
name = "mypy"
version = "1.20.2"
source = { registry = "https://pypi.org/simple" }
dependencies = [
    { name = "librt", marker = "platform_python_implementation != 'PyPy'" },
    { name = "mypy-extensions" },
    { name = "pathspec" },
    { name = "typing-extensions" },
]
sdist = { url = "https://files.pythonhosted.org/packages/04/af/e3d4b3e9ec91a0ff9aabfdb38692952acf49bbb899c2e4c29acb3a6da3ae/mypy-1.20.2.tar.gz", hash = "sha256:e8222c26daaafd9e8626dec58ae36029f82585890589576f769a650dd20fd665", size = 3817349, upload-time = "2026-04-21T17:12:28.473Z" }
wheels = [
    { url = "https://files.pythonhosted.org/packages/71/4e/7560e4528db9e9b147e4c0f22660466bf30a0a1fe3d63d1b9d3b0fd354ee/mypy-1.20.2-cp312-cp312-macosx_10_13_x86_64.whl", hash = "sha256:4dbfcf869f6b0517f70cf0030ba6ea1d6645e132337a7d5204a18d8d5636c02b", size = 14539393, upload-time = "2026-04-21T17:07:12.52Z" },
    { url = "https://files.pythonhosted.org/packages/32/d9/34a5efed8124f5a9234f55ac6a4ced4201e2c5b81e1109c49ad23190ec8c/mypy-1.20.2-cp312-cp312-macosx_11_0_arm64.whl", hash = "sha256:4b6481b228d072315b053210b01ac320e1be243dc17f9e5887ef167f23f5fae4", size = 13361642, upload-time = "2026-04-21T17:06:53.742Z" },
    { url = "https://files.pythonhosted.org/packages/d1/14/eb377acf78c03c92d566a1510cda8137348215b5335085ef662ab82ecd3a/mypy-1.20.2-cp312-cp312-manylinux2014_aarch64.manylinux_2_17_aarch64.manylinux_2_28_aarch64.whl", hash = "sha256:34397cdced6b90b836e38182076049fdb41424322e0b0728c946b0939ebdf9f6", size = 13740347, upload-time = "2026-04-21T17:12:04.73Z" },
    { url = "https://files.pythonhosted.org/packages/b9/94/7e4634a32b641aa1c112422eed1bbece61ee16205f674190e8b536f884de/mypy-1.20.2-cp312-cp312-manylinux2014_x86_64.manylinux_2_17_x86_64.manylinux_2_28_x86_64.whl", hash = "sha256:a5da6976f20cae27059ea8d0c86e7cef3de720e04c4bb9ee18e3690fdb792066", size = 14734042, upload-time = "2026-04-21T17:07:43.16Z" },
    { url = "https://files.pythonhosted.org/packages/7a/f3/f7e62395cb7f434541b4491a01149a4439e28ace4c0c632bbf5431e92d1f/mypy-1.20.2-cp312-cp312-musllinux_1_2_x86_64.whl", hash = "sha256:56908d7e08318d39f85b1f0c6cfd47b0cac1a130da677630dac0de3e0623e102", size = 14964958, upload-time = "2026-04-21T17:11:00.665Z" },
    { url = "https://files.pythonhosted.org/packages/3e/0d/47e3c3a0ec2a876e35aeac365df3cac7776c36bbd4ed18cc521e1b9d255b/mypy-1.20.2-cp312-cp312-win_amd64.whl", hash = "sha256:d52ad8d78522da1d308789df651ee5379088e77c76cb1994858d40a426b343b9", size = 10911340, upload-time = "2026-04-21T17:10:49.179Z" },
    { url = "https://files.pythonhosted.org/packages/d6/b2/6c852d72e0ea8b01f49da817fb52539993cde327e7d010e0103dc12d0dac/mypy-1.20.2-cp312-cp312-win_arm64.whl", hash = "sha256:785b08db19c9f214dc37d65f7c165d19a30fcecb48abfa30f31b01b5acaabb58", size = 9833947, upload-time = "2026-04-21T17:09:05.267Z" },
    { url = "https://files.pythonhosted.org/packages/28/9a/f23c163e25b11074188251b0b5a0342625fc1cdb6af604757174fa9acc9b/mypy-1.20.2-py3-none-any.whl", hash = "sha256:a94c5a76ab46c5e6257c7972b6c8cff0574201ca7dc05647e33e795d78680563", size = 2637314, upload-time = "2026-04-21T17:05:54.5Z" },
]

[[package]]
name = "mypy-extensions"
version = "1.1.0"
source = { registry = "https://pypi.org/simple" }
sdist = { url = "https://files.pythonhosted.org/packages/a2/6e/371856a3fb9d31ca8dac321cda606860fa4548858c0cc45d9d1d4ca2628b/mypy_extensions-1.1.0.tar.gz", hash = "sha256:52e68efc3284861e772bbcd66823fde5ae21fd2fdb51c62a211403730b916558", size = 6343, upload-time = "2025-04-22T14:54:24.164Z" }
wheels = [
    { url = "https://files.pythonhosted.org/packages/79/7b/2c79738432f5c924bef5071f933bcc9efd0473bac3b4aa584a6f7c1c8df8/mypy_extensions-1.1.0-py3-none-any.whl", hash = "sha256:1be4cccdb0f2482337c4743e60421de3a356cd97508abadd57d47403e94f5505", size = 4963, upload-time = "2025-04-22T14:54:22.983Z" },
]

[[package]]
name = "packaging"
version = "26.3"
source = { registry = "https://pypi.org/simple" }
sdist = { url = "https://files.pythonhosted.org/packages/7d/fa/3944b40b07da9ce895c0e6303a5ab7d53da063554f534556b134a54d6093/packaging-26.3.tar.gz", hash = "sha256:94edc256424af38762eb31306eed28beb9f0efc50a8837492c9d6fd6004aed79", size = 313412, upload-time = "2026-08-04T18:15:28.737Z" }
wheels = [
    { url = "https://files.pythonhosted.org/packages/63/34/ba1c580383c9eada3711951fef0795c80b829a078d72188184bcab9dd527/packaging-26.3-py3-none-any.whl", hash = "sha256:d7193f7c8e4e93f444fde0262bf90af30e16fa0ad0ad44cb553c87339b23cd1c", size = 129956, upload-time = "2026-08-04T18:15:27.159Z" },
]

[[package]]
name = "pathspec"
version = "1.1.1"
source = { registry = "https://pypi.org/simple" }
sdist = { url = "https://files.pythonhosted.org/packages/5a/82/42f767fc1c1143d6fd36efb827202a2d997a375e160a71eb2888a925aac1/pathspec-1.1.1.tar.gz", hash = "sha256:17db5ecd524104a120e173814c90367a96a98d07c45b2e10c2f3919fff91bf5a", size = 135180, upload-time = "2026-04-27T01:46:08.907Z" }
wheels = [
    { url = "https://files.pythonhosted.org/packages/f1/d9/7fb5aa316bc299258e68c73ba3bddbc499654a07f151cba08f6153988714/pathspec-1.1.1-py3-none-any.whl", hash = "sha256:a00ce642f577bf7f473932318056212bc4f8bfdf53128c78bbd5af0b9b20b189", size = 57328, upload-time = "2026-04-27T01:46:07.06Z" },
]

[[package]]
name = "pluggy"
version = "1.6.0"
source = { registry = "https://pypi.org/simple" }
sdist = { url = "https://files.pythonhosted.org/packages/f9/e2/3e91f31a7d2b083fe6ef3fa267035b518369d9511ffab804f839851d2779/pluggy-1.6.0.tar.gz", hash = "sha256:7dcc130b76258d33b90f61b658791dede3486c3e6bfb003ee5c9bfb396dd22f3", size = 69412, upload-time = "2025-05-15T12:30:07.975Z" }
wheels = [
    { url = "https://files.pythonhosted.org/packages/54/20/4d324d65cc6d9205fabedc306948156824eb9f0ee1633355a8f7ec5c66bf/pluggy-1.6.0-py3-none-any.whl", hash = "sha256:e920276dd6813095e9377c0bc5566d94c932c33b27a3e3945d8389c374dd4746", size = 20538, upload-time = "2025-05-15T12:30:06.134Z" },
]

[[package]]
name = "pygments"
version = "2.20.0"
source = { registry = "https://pypi.org/simple" }
sdist = { url = "https://files.pythonhosted.org/packages/c3/b2/bc9c9196916376152d655522fdcebac55e66de6603a76a02bca1b6414f6c/pygments-2.20.0.tar.gz", hash = "sha256:6757cd03768053ff99f3039c1a36d6c0aa0b263438fcab17520b30a303a82b5f", size = 4955991, upload-time = "2026-03-29T13:29:33.898Z" }
wheels = [
    { url = "https://files.pythonhosted.org/packages/f4/7e/a72dd26f3b0f4f2bf1dd8923c85f7ceb43172af56d63c7383eb62b332364/pygments-2.20.0-py3-none-any.whl", hash = "sha256:81a9e26dd42fd28a23a2d169d86d7ac03b46e2f8b59ed4698fb4785f946d0176", size = 1231151, upload-time = "2026-03-29T13:29:30.038Z" },
]

[[package]]
name = "pytest"
version = "8.4.2"
source = { registry = "https://pypi.org/simple" }
dependencies = [
    { name = "colorama", marker = "sys_platform == 'win32'" },
    { name = "iniconfig" },
    { name = "packaging" },
    { name = "pluggy" },
    { name = "pygments" },
]
sdist = { url = "https://files.pythonhosted.org/packages/a3/5c/00a0e072241553e1a7496d638deababa67c5058571567b92a7eaa258397c/pytest-8.4.2.tar.gz", hash = "sha256:86c0d0b93306b961d58d62a4db4879f27fe25513d4b969df351abdddb3c30e01", size = 1519618, upload-time = "2025-09-04T14:34:22.711Z" }
wheels = [
    { url = "https://files.pythonhosted.org/packages/a8/a4/20da314d277121d6534b3a980b29035dcd51e6744bd79075a6ce8fa4eb8d/pytest-8.4.2-py3-none-any.whl", hash = "sha256:872f880de3fc3a5bdc88a11b39c9710c3497a547cfa9320bc3c5e62fbf272e79", size = 365750, upload-time = "2025-09-04T14:34:20.226Z" },
]

[[package]]
name = "quantcheck"
version = "0.1.0.dev0"
source = { editable = "." }

[package.dev-dependencies]
dev = [
    { name = "hypothesis" },
    { name = "mypy" },
    { name = "pytest" },
    { name = "ruff" },
]

[package.metadata]

[package.metadata.requires-dev]
dev = [
    { name = "hypothesis", specifier = ">=6,<7" },
    { name = "mypy", specifier = ">=1.14,<2" },
    { name = "pytest", specifier = ">=8,<9" },
    { name = "ruff", specifier = ">=0.14,<0.15" },
]

[[package]]
name = "ruff"
version = "0.14.14"
source = { registry = "https://pypi.org/simple" }
sdist = { url = "https://files.pythonhosted.org/packages/2e/06/f71e3a86b2df0dfa2d2f72195941cd09b44f87711cb7fa5193732cb9a5fc/ruff-0.14.14.tar.gz", hash = "sha256:2d0f819c9a90205f3a867dbbd0be083bee9912e170fd7d9704cc8ae45824896b", size = 4515732, upload-time = "2026-01-22T22:30:17.527Z" }
wheels = [
    { url = "https://files.pythonhosted.org/packages/d2/89/20a12e97bc6b9f9f68343952da08a8099c57237aef953a56b82711d55edd/ruff-0.14.14-py3-none-linux_armv6l.whl", hash = "sha256:7cfe36b56e8489dee8fbc777c61959f60ec0f1f11817e8f2415f429552846aed", size = 10467650, upload-time = "2026-01-22T22:30:08.578Z" },
    { url = "https://files.pythonhosted.org/packages/a3/b1/c5de3fd2d5a831fcae21beda5e3589c0ba67eec8202e992388e4b17a6040/ruff-0.14.14-py3-none-macosx_10_12_x86_64.whl", hash = "sha256:6006a0082336e7920b9573ef8a7f52eec837add1265cc74e04ea8a4368cd704c", size = 10883245, upload-time = "2026-01-22T22:30:04.155Z" },
    { url = "https://files.pythonhosted.org/packages/b8/7c/3c1db59a10e7490f8f6f8559d1db8636cbb13dccebf18686f4e3c9d7c772/ruff-0.14.14-py3-none-macosx_11_0_arm64.whl", hash = "sha256:026c1d25996818f0bf498636686199d9bd0d9d6341c9c2c3b62e2a0198b758de", size = 10231273, upload-time = "2026-01-22T22:30:34.642Z" },
    { url = "https://files.pythonhosted.org/packages/a1/6e/5e0e0d9674be0f8581d1f5e0f0a04761203affce3232c1a1189d0e3b4dad/ruff-0.14.14-py3-none-manylinux_2_17_aarch64.manylinux2014_aarch64.whl", hash = "sha256:f666445819d31210b71e0a6d1c01e24447a20b85458eea25a25fe8142210ae0e", size = 10585753, upload-time = "2026-01-22T22:30:31.781Z" },
    { url = "https://files.pythonhosted.org/packages/23/09/754ab09f46ff1884d422dc26d59ba18b4e5d355be147721bb2518aa2a014/ruff-0.14.14-py3-none-manylinux_2_17_armv7l.manylinux2014_armv7l.whl", hash = "sha256:3c0f18b922c6d2ff9a5e6c3ee16259adc513ca775bcf82c67ebab7cbd9da5bc8", size = 10286052, upload-time = "2026-01-22T22:30:24.827Z" },
    { url = "https://files.pythonhosted.org/packages/c8/cc/e71f88dd2a12afb5f50733851729d6b571a7c3a35bfdb16c3035132675a0/ruff-0.14.14-py3-none-manylinux_2_17_i686.manylinux2014_i686.whl", hash = "sha256:1629e67489c2dea43e8658c3dba659edbfd87361624b4040d1df04c9740ae906", size = 11043637, upload-time = "2026-01-22T22:30:13.239Z" },
    { url = "https://files.pythonhosted.org/packages/67/b2/397245026352494497dac935d7f00f1468c03a23a0c5db6ad8fc49ca3fb2/ruff-0.14.14-py3-none-manylinux_2_17_ppc64.manylinux2014_ppc64.whl", hash = "sha256:27493a2131ea0f899057d49d303e4292b2cae2bb57253c1ed1f256fbcd1da480", size = 12194761, upload-time = "2026-01-22T22:30:22.542Z" },
    { url = "https://files.pythonhosted.org/packages/5b/06/06ef271459f778323112c51b7587ce85230785cd64e91772034ddb88f200/ruff-0.14.14-py3-none-manylinux_2_17_ppc64le.manylinux2014_ppc64le.whl", hash = "sha256:01ff589aab3f5b539e35db38425da31a57521efd1e4ad1ae08fc34dbe30bd7df", size = 12005701, upload-time = "2026-01-22T22:30:20.499Z" },
    { url = "https://files.pythonhosted.org/packages/41/d6/99364514541cf811ccc5ac44362f88df66373e9fec1b9d1c4cc830593fe7/ruff-0.14.14-py3-none-manylinux_2_17_s390x.manylinux2014_s390x.whl", hash = "sha256:1cc12d74eef0f29f51775f5b755913eb523546b88e2d733e1d701fe65144e89b", size = 11282455, upload-time = "2026-01-22T22:29:59.679Z" },
    { url = "https://files.pythonhosted.org/packages/ca/71/37daa46f89475f8582b7762ecd2722492df26421714a33e72ccc9a84d7a5/ruff-0.14.14-py3-none-manylinux_2_17_x86_64.manylinux2014_x86_64.whl", hash = "sha256:bb8481604b7a9e75eff53772496201690ce2687067e038b3cc31aaf16aa0b974", size = 11215882, upload-time = "2026-01-22T22:29:57.032Z" },
    { url = "https://files.pythonhosted.org/packages/2c/10/a31f86169ec91c0705e618443ee74ede0bdd94da0a57b28e72db68b2dbac/ruff-0.14.14-py3-none-manylinux_2_31_riscv64.whl", hash = "sha256:14649acb1cf7b5d2d283ebd2f58d56b75836ed8c6f329664fa91cdea19e76e66", size = 11180549, upload-time = "2026-01-22T22:30:27.175Z" },
    { url = "https://files.pythonhosted.org/packages/fd/1e/c723f20536b5163adf79bdd10c5f093414293cdf567eed9bdb7b83940f3f/ruff-0.14.14-py3-none-musllinux_1_2_aarch64.whl", hash = "sha256:e8058d2145566510790eab4e2fad186002e288dec5e0d343a92fe7b0bc1b3e13", size = 10543416, upload-time = "2026-01-22T22:30:01.964Z" },
    { url = "https://files.pythonhosted.org/packages/3e/34/8a84cea7e42c2d94ba5bde1d7a4fae164d6318f13f933d92da6d7c2041ff/ruff-0.14.14-py3-none-musllinux_1_2_armv7l.whl", hash = "sha256:e651e977a79e4c758eb807f0481d673a67ffe53cfa92209781dfa3a996cf8412", size = 10285491, upload-time = "2026-01-22T22:30:29.51Z" },
    { url = "https://files.pythonhosted.org/packages/55/ef/b7c5ea0be82518906c978e365e56a77f8de7678c8bb6651ccfbdc178c29f/ruff-0.14.14-py3-none-musllinux_1_2_i686.whl", hash = "sha256:cc8b22da8d9d6fdd844a68ae937e2a0adf9b16514e9a97cc60355e2d4b219fc3", size = 10733525, upload-time = "2026-01-22T22:30:06.499Z" },
    { url = "https://files.pythonhosted.org/packages/6a/5b/aaf1dfbcc53a2811f6cc0a1759de24e4b03e02ba8762daabd9b6bd8c59e3/ruff-0.14.14-py3-none-musllinux_1_2_x86_64.whl", hash = "sha256:16bc890fb4cc9781bb05beb5ab4cd51be9e7cb376bf1dd3580512b24eb3fda2b", size = 11315626, upload-time = "2026-01-22T22:30:36.848Z" },
    { url = "https://files.pythonhosted.org/packages/2c/aa/9f89c719c467dfaf8ad799b9bae0df494513fb21d31a6059cb5870e57e74/ruff-0.14.14-py3-none-win32.whl", hash = "sha256:b530c191970b143375b6a68e6f743800b2b786bbcf03a7965b06c4bf04568167", size = 10502442, upload-time = "2026-01-22T22:30:38.93Z" },
    { url = "https://files.pythonhosted.org/packages/87/44/90fa543014c45560cae1fffc63ea059fb3575ee6e1cb654562197e5d16fb/ruff-0.14.14-py3-none-win_amd64.whl", hash = "sha256:3dde1435e6b6fe5b66506c1dff67a421d0b7f6488d466f651c07f4cab3bf20fd", size = 11630486, upload-time = "2026-01-22T22:30:10.852Z" },
    { url = "https://files.pythonhosted.org/packages/9e/6a/40fee331a52339926a92e17ae748827270b288a35ef4a15c9c8f2ec54715/ruff-0.14.14-py3-none-win_arm64.whl", hash = "sha256:56e6981a98b13a32236a72a8da421d7839221fa308b223b9283312312e5ac76c", size = 10920448, upload-time = "2026-01-22T22:30:15.417Z" },
]

[[package]]
name = "sortedcontainers"
version = "2.4.0"
source = { registry = "https://pypi.org/simple" }
sdist = { url = "https://files.pythonhosted.org/packages/e8/c4/ba2f8066cceb6f23394729afe52f3bf7adec04bf9ed2c820b39e19299111/sortedcontainers-2.4.0.tar.gz", hash = "sha256:25caa5a06cc30b6b83d11423433f65d1f9d76c4c6a0c90e3379eaa43b9bfdb88", size = 30594, upload-time = "2021-05-16T22:03:42.897Z" }
wheels = [
    { url = "https://files.pythonhosted.org/packages/32/46/9cb0e58b2deb7f82b84065f37f3bffeb12413f947f9388e4cac22c4621ce/sortedcontainers-2.4.0-py2.py3-none-any.whl", hash = "sha256:a163dcaede0f1c021485e957a39245190e74249897e2ae4b2aa38595db237ee0", size = 29575, upload-time = "2021-05-16T22:03:41.177Z" },
]

[[package]]
name = "typing-extensions"
version = "4.16.0"
source = { registry = "https://pypi.org/simple" }
sdist = { url = "https://files.pythonhosted.org/packages/f6/cc/6253133b5bb138fc3306cebfbda2c520f545d36b5be2c7255cc528bb45d6/typing_extensions-4.16.0.tar.gz", hash = "sha256:dc983d19a509c94dba722ee6abd33940f7c05a89e243c47e907eb4db6f1a43e5", size = 113555, upload-time = "2026-07-02T08:40:05.92Z" }
wheels = [
    { url = "https://files.pythonhosted.org/packages/49/d3/b8441a820a491ddfc024b0b0cf0393375b75ea13866d9c66727e54c2fc80/typing_extensions-4.16.0-py3-none-any.whl", hash = "sha256:481caa481374e813c1b176ada14e97f1f67a4539ce9cfeb3f350d78d6370c2e8", size = 45571, upload-time = "2026-07-02T08:40:04.659Z" },
]
